
Microsoft Visual Studio Solution File, Format Version 12.00
# Visual Studio Version 16
VisualStudioVersion = 16.0.29728.190
MinimumVisualStudioVersion = 10.0.40219.1
Project("{9A19103F-16F7-4668-BE54-9A1E7A4F7556}") = "PayPalSubscriptionNetSdk", "PayPalSubscriptionNetSdk.csproj", "{096979FE-9E0E-46A8-9B17-B933141CD16E}"
EndProject
Global
	GlobalSection(SolutionConfigurationPlatforms) = preSolution
		Debug|Any CPU = Debug|Any CPU
		Release|Any CPU = Release|Any CPU
	EndGlobalSection
	GlobalSection(ProjectConfigurationPlatforms) = postSolution
		{096979FE-9E0E-46A8-9B17-B933141CD16E}.Debug|Any CPU.ActiveCfg = Debug|Any CPU
		{096979FE-9E0E-46A8-9B17-B933141CD16E}.Debug|Any CPU.Build.0 = Debug|Any CPU
		{096979FE-9E0E-46A8-9B17-B933141CD16E}.Release|Any CPU.ActiveCfg = Release|Any CPU
		{096979FE-9E0E-46A8-9B17-B933141CD16E}.Release|Any CPU.Build.0 = Release|Any CPU
	EndGlobalSection
	GlobalSection(SolutionProperties) = preSolution
		HideSolutionNode = FALSE
	EndGlobalSection
	GlobalSection(ExtensibilityGlobals) = postSolution
		SolutionGuid = {5DAD441D-A29F-470B-AF1B-495D677D5D90}
	EndGlobalSection
EndGlobal
